// !$*UTF8*$!
{
	archiveVersion = 1;
	classes = {
	};
	objectVersion = 46;
	objects = {

/* Begin PBXBuildFile section */
		BA179C571931AF1400BEAB9D /* ADSpaceImageViewController.m in Sources */ = {isa = PBXBuildFile; fileRef = BA179C561931AF1400BEAB9D /* ADSpaceImageViewController.m */; };
		BA2AF76619DF9FB10086CD0F /* ADSpaceDataViewController.m in Sources */ = {isa = PBXBuildFile; fileRef = BA2AF76519DF9FB10086CD0F /* ADSpaceDataViewController.m */; };
		BAA6420B192E8FF4004D4AFF /* Earth.jpg in Resources */ = {isa = PBXBuildFile; fileRef = BAA64201192E8FF4004D4AFF /* Earth.jpg */; };
		BAA6420C192E8FF4004D4AFF /* EinsteinRing.jpg in Resources */ = {isa = PBXBuildFile; fileRef = BAA64202192E8FF4004D4AFF /* EinsteinRing.jpg */; };
		BAA6420D192E8FF4004D4AFF /* Jupiter.jpg in Resources */ = {isa = PBXBuildFile; fileRef = BAA64203192E8FF4004D4AFF /* Jupiter.jpg */; };
		BAA6420E192E8FF4004D4AFF /* Mars.jpg in Resources */ = {isa = PBXBuildFile; fileRef = BAA64204192E8FF4004D4AFF /* Mars.jpg */; };
		BAA6420F192E8FF4004D4AFF /* Mercury.jpg in Resources */ = {isa = PBXBuildFile; fileRef = BAA64205192E8FF4004D4AFF /* Mercury.jpg */; };
		BAA64210192E8FF4004D4AFF /* Neptune.jpg in Resources */ = {isa = PBXBuildFile; fileRef = BAA64206192E8FF4004D4AFF /* Neptune.jpg */; };
		BAA64211192E8FF4004D4AFF /* Orion.jpg in Resources */ = {isa = PBXBuildFile; fileRef = BAA64207192E8FF4004D4AFF /* Orion.jpg */; };
		BAA64212192E8FF4004D4AFF /* Saturn.jpg in Resources */ = {isa = PBXBuildFile; fileRef = BAA64208192E8FF4004D4AFF /* Saturn.jpg */; };
		BAA64213192E8FF4004D4AFF /* Uranus.jpg in Resources */ = {isa = PBXBuildFile; fileRef = BAA64209192E8FF4004D4AFF /* Uranus.jpg */; };
		BAA64214192E8FF4004D4AFF /* Venus.jpg in Resources */ = {isa = PBXBuildFile; fileRef = BAA6420A192E8FF4004D4AFF /* Venus.jpg */; };
		BAA64218192E9049004D4AFF /* ADSpaceObject.m in Sources */ = {isa = PBXBuildFile; fileRef = BAA64217192E9049004D4AFF /* ADSpaceObject.m */; };
		BACA5F5A19ED64480011C97E /* ADAddSpaceObjectViewController.m in Sources */ = {isa = PBXBuildFile; fileRef = BACA5F5919ED64480011C97E /* ADAddSpaceObjectViewController.m */; };
		BAE0ED71192C34C500FA1B13 /* Foundation.framework in Frameworks */ = {isa = PBXBuildFile; fileRef = BAE0ED70192C34C500FA1B13 /* Foundation.framework */; };
		BAE0ED73192C34C500FA1B13 /* CoreGraphics.framework in Frameworks */ = {isa = PBXBuildFile; fileRef = BAE0ED72192C34C500FA1B13 /* CoreGraphics.framework */; };
		BAE0ED75192C34C500FA1B13 /* UIKit.framework in Frameworks */ = {isa = PBXBuildFile; fileRef = BAE0ED74192C34C500FA1B13 /* UIKit.framework */; };
		BAE0ED7B192C34C500FA1B13 /* InfoPlist.strings in Resources */ = {isa = PBXBuildFile; fileRef = BAE0ED79192C34C500FA1B13 /* InfoPlist.strings */; };
		BAE0ED7D192C34C500FA1B13 /* main.m in Sources */ = {isa = PBXBuildFile; fileRef = BAE0ED7C192C34C500FA1B13 /* main.m */; };
		BAE0ED81192C34C500FA1B13 /* ADAppDelegate.m in Sources */ = {isa = PBXBuildFile; fileRef = BAE0ED80192C34C500FA1B13 /* ADAppDelegate.m */; };
		BAE0ED84192C34C500FA1B13 /* Main.storyboard in Resources */ = {isa = PBXBuildFile; fileRef = BAE0ED82192C34C500FA1B13 /* Main.storyboard */; };
		BAE0ED89192C34C500FA1B13 /* Images.xcassets in Resources */ = {isa = PBXBuildFile; fileRef = BAE0ED88192C34C500FA1B13 /* Images.xcassets */; };
		BAE0ED90192C34C500FA1B13 /* XCTest.framework in Frameworks */ = {isa = PBXBuildFile; fileRef = BAE0ED8F192C34C500FA1B13 /* XCTest.framework */; };
		BAE0ED91192C34C500FA1B13 /* Foundation.framework in Frameworks */ = {isa = PBXBuildFile; fileRef = BAE0ED70192C34C500FA1B13 /* Foundation.framework */; };
		BAE0ED92192C34C500FA1B13 /* UIKit.framework in Frameworks */ = {isa = PBXBuildFile; fileRef = BAE0ED74192C34C500FA1B13 /* UIKit.framework */; };
		BAE0ED9A192C34C500FA1B13 /* InfoPlist.strings in Resources */ = {isa = PBXBuildFile; fileRef = BAE0ED98192C34C500FA1B13 /* InfoPlist.strings */; };
		BAE0ED9C192C34C500FA1B13 /* Out_of_this_WorldTests.m in Sources */ = {isa = PBXBuildFile; fileRef = BAE0ED9B192C34C500FA1B13 /* Out_of_this_WorldTests.m */; };
		BAE0EDA7192C359100FA1B13 /* ADTableViewController.m in Sources */ = {isa = PBXBuildFile; fileRef = BAE0EDA6192C359100FA1B13 /* ADTableViewController.m */; };
		BAE0EDAA192C3F4000FA1B13 /* AstronomicalData.m in Sources */ = {isa = PBXBuildFile; fileRef = BAE0EDA9192C3F4000FA1B13 /* AstronomicalData.m */; };
/* End PBXBuildFile section */

/* Begin PBXContainerItemProxy section */
		BAE0ED93192C34C500FA1B13 /* PBXContainerItemProxy */ = {
			isa = PBXContainerItemProxy;
			containerPortal = BAE0ED65192C34C500FA1B13 /* Project object */;
			proxyType = 1;
			remoteGlobalIDString = BAE0ED6C192C34C500FA1B13;
			remoteInfo = "Out of this World";
		};
/* End PBXContainerItemProxy section */

/* Begin PBXFileReference section */
		BA179C551931AF1400BEAB9D /* ADSpaceImageViewController.h */ = {isa = PBXFileReference; fileEncoding = 4; lastKnownFileType = sourcecode.c.h; path = ADSpaceImageViewController.h; sourceTree = "<group>"; };
		BA179C561931AF1400BEAB9D /* ADSpaceImageViewController.m */ = {isa = PBXFileReference; fileEncoding = 4; lastKnownFileType = sourcecode.c.objc; path = ADSpaceImageViewController.m; sourceTree = "<group>"; };
		BA2AF76419DF9FB10086CD0F /* ADSpaceDataViewController.h */ = {isa = PBXFileReference; fileEncoding = 4; lastKnownFileType = sourcecode.c.h; path = ADSpaceDataViewController.h; sourceTree = "<group>"; };
		BA2AF76519DF9FB10086CD0F /* ADSpaceDataViewController.m */ = {isa = PBXFileReference; fileEncoding = 4; lastKnownFileType = sourcecode.c.objc; path = ADSpaceDataViewController.m; sourceTree = "<group>"; };
		BAA64201192E8FF4004D4AFF /* Earth.jpg */ = {isa = PBXFileReference; lastKnownFileType = image.jpeg; path = Earth.jpg; sourceTree = "<group>"; };
		BAA64202192E8FF4004D4AFF /* EinsteinRing.jpg */ = {isa = PBXFileReference; lastKnownFileType = image.jpeg; path = EinsteinRing.jpg; sourceTree = "<group>"; };
		BAA64203192E8FF4004D4AFF /* Jupiter.jpg */ = {isa = PBXFileReference; lastKnownFileType = image.jpeg; path = Jupiter.jpg; sourceTree = "<group>"; };
		BAA64204192E8FF4004D4AFF /* Mars.jpg */ = {isa = PBXFileReference; lastKnownFileType = image.jpeg; path = Mars.jpg; sourceTree = "<group>"; };
		BAA64205192E8FF4004D4AFF /* Mercury.jpg */ = {isa = PBXFileReference; lastKnownFileType = image.jpeg; path = Mercury.jpg; sourceTree = "<group>"; };
		BAA64206192E8FF4004D4AFF /* Neptune.jpg */ = {isa = PBXFileReference; lastKnownFileType = image.jpeg; path = Neptune.jpg; sourceTree = "<group>"; };
		BAA64207192E8FF4004D4AFF /* Orion.jpg */ = {isa = PBXFileReference; lastKnownFileType = image.jpeg; path = Orion.jpg; sourceTree = "<group>"; };
		BAA64208192E8FF4004D4AFF /* Saturn.jpg */ = {isa = PBXFileReference; lastKnownFileType = image.jpeg; path = Saturn.jpg; sourceTree = "<group>"; };
		BAA64209192E8FF4004D4AFF /* Uranus.jpg */ = {isa = PBXFileReference; lastKnownFileType = image.jpeg; path = Uranus.jpg; sourceTree = "<group>"; };
		BAA6420A192E8FF4004D4AFF /* Venus.jpg */ = {isa = PBXFileReference; lastKnownFileType = image.jpeg; path = Venus.jpg; sourceTree = "<group>"; };
		BAA64216192E9049004D4AFF /* ADSpaceObject.h */ = {isa = PBXFileReference; fileEncoding = 4; lastKnownFileType = sourcecode.c.h; path = ADSpaceObject.h; sourceTree = "<group>"; };
		BAA64217192E9049004D4AFF /* ADSpaceObject.m */ = {isa = PBXFileReference; fileEncoding = 4; lastKnownFileType = sourcecode.c.objc; path = ADSpaceObject.m; sourceTree = "<group>"; };
		BACA5F5819ED64480011C97E /* ADAddSpaceObjectViewController.h */ = {isa = PBXFileReference; fileEncoding = 4; lastKnownFileType = sourcecode.c.h; path = ADAddSpaceObjectViewController.h; sourceTree = "<group>"; };
		BACA5F5919ED64480011C97E /* ADAddSpaceObjectViewController.m */ = {isa = PBXFileReference; fileEncoding = 4; lastKnownFileType = sourcecode.c.objc; path = ADAddSpaceObjectViewController.m; sourceTree = "<group>"; };
		BAE0ED6D192C34C500FA1B13 /* Out of this World.app */ = {isa = PBXFileReference; explicitFileType = wrapper.application; includeInIndex = 0; path = "Out of this World.app"; sourceTree = BUILT_PRODUCTS_DIR; };
		BAE0ED70192C34C500FA1B13 /* Foundation.framework */ = {isa = PBXFileReference; lastKnownFileType = wrapper.framework; name = Foundation.framework; path = System/Library/Frameworks/Foundation.framework; sourceTree = SDKROOT; };
		BAE0ED72192C34C500FA1B13 /* CoreGraphics.framework */ = {isa = PBXFileReference; lastKnownFileType = wrapper.framework; name = CoreGraphics.framework; path = System/Library/Frameworks/CoreGraphics.framework; sourceTree = SDKROOT; };
		BAE0ED74192C34C500FA1B13 /* UIKit.framework */ = {isa = PBXFileReference; lastKnownFileType = wrapper.framework; name = UIKit.framework; path = System/Library/Frameworks/UIKit.framework; sourceTree = SDKROOT; };
		BAE0ED78192C34C500FA1B13 /* Out of this World-Info.plist */ = {isa = PBXFileReference; lastKnownFileType = text.plist.xml; path = "Out of this World-Info.plist"; sourceTree = "<group>"; };
		BAE0ED7A192C34C500FA1B13 /* en */ = {isa = PBXFileReference; lastKnownFileType = text.plist.strings; name = en; path = en.lproj/InfoPlist.strings; sourceTree = "<group>"; };
		BAE0ED7C192C34C500FA1B13 /* main.m */ = {isa = PBXFileReference; lastKnownFileType = sourcecode.c.objc; path = main.m; sourceTree = "<group>"; };
		BAE0ED7E192C34C500FA1B13 /* Out of this World-Prefix.pch */ = {isa = PBXFileReference; lastKnownFileType = sourcecode.c.h; path = "Out of this World-Prefix.pch"; sourceTree = "<group>"; };
		BAE0ED7F192C34C500FA1B13 /* ADAppDelegate.h */ = {isa = PBXFileReference; lastKnownFileType = sourcecode.c.h; path = ADAppDelegate.h; sourceTree = "<group>"; };
		BAE0ED80192C34C500FA1B13 /* ADAppDelegate.m */ = {isa = PBXFileReference; lastKnownFileType = sourcecode.c.objc; path = ADAppDelegate.m; sourceTree = "<group>"; };
		BAE0ED83192C34C500FA1B13 /* Base */ = {isa = PBXFileReference; lastKnownFileType = file.storyboard; name = Base; path = Base.lproj/Main.storyboard; sourceTree = "<group>"; };
		BAE0ED88192C34C500FA1B13 /* Images.xcassets */ = {isa = PBXFileReference; lastKnownFileType = folder.assetcatalog; path = Images.xcassets; sourceTree = "<group>"; };
		BAE0ED8E192C34C500FA1B13 /* Out of this WorldTests.xctest */ = {isa = PBXFileReference; explicitFileType = wrapper.cfbundle; includeInIndex = 0; path = "Out of this WorldTests.xctest"; sourceTree = BUILT_PRODUCTS_DIR; };
		BAE0ED8F192C34C500FA1B13 /* XCTest.framework */ = {isa = PBXFileReference; lastKnownFileType = wrapper.framework; name = XCTest.framework; path = Library/Frameworks/XCTest.framework; sourceTree = DEVELOPER_DIR; };
		BAE0ED97192C34C500FA1B13 /* Out of this WorldTests-Info.plist */ = {isa = PBXFileReference; lastKnownFileType = text.plist.xml; path = "Out of this WorldTests-Info.plist"; sourceTree = "<group>"; };
		BAE0ED99192C34C500FA1B13 /* en */ = {isa = PBXFileReference; lastKnownFileType = text.plist.strings; name = en; path = en.lproj/InfoPlist.strings; sourceTree = "<group>"; };
		BAE0ED9B192C34C500FA1B13 /* Out_of_this_WorldTests.m */ = {isa = PBXFileReference; lastKnownFileType = sourcecode.c.objc; path = Out_of_this_WorldTests.m; sourceTree = "<group>"; };
		BAE0EDA5192C359100FA1B13 /* ADTableViewController.h */ = {isa = PBXFileReference; fileEncoding = 4; lastKnownFileType = sourcecode.c.h; name = ADTableViewController.h; path = ../ADTableViewController.h; sourceTree = "<group>"; };
		BAE0EDA6192C359100FA1B13 /* ADTableViewController.m */ = {isa = PBXFileReference; fileEncoding = 4; lastKnownFileType = sourcecode.c.objc; name = ADTableViewController.m; path = ../ADTableViewController.m; sourceTree = "<group>"; };
		BAE0EDA8192C3F4000FA1B13 /* AstronomicalData.h */ = {isa = PBXFileReference; fileEncoding = 4; lastKnownFileType = sourcecode.c.h; path = AstronomicalData.h; sourceTree = "<group>"; };
		BAE0EDA9192C3F4000FA1B13 /* AstronomicalData.m */ = {isa = PBXFileReference; fileEncoding = 4; lastKnownFileType = sourcecode.c.objc; path = AstronomicalData.m; sourceTree = "<group>"; };
/* End PBXFileReference section */

/* Begin PBXFrameworksBuildPhase section */
		BAE0ED6A192C34C500FA1B13 /* Frameworks */ = {
			isa = PBXFrameworksBuildPhase;
			buildActionMask = 2147483647;
			files = (
				BAE0ED73192C34C500FA1B13 /* CoreGraphics.framework in Frameworks */,
				BAE0ED75192C34C500FA1B13 /* UIKit.framework in Frameworks */,
				BAE0ED71192C34C500FA1B13 /* Foundation.framework in Frameworks */,
			);
			runOnlyForDeploymentPostprocessing = 0;
		};
		BAE0ED8B192C34C500FA1B13 /* Frameworks */ = {
			isa = PBXFrameworksBuildPhase;
			buildActionMask = 2147483647;
			files = (
				BAE0ED90192C34C500FA1B13 /* XCTest.framework in Frameworks */,
				BAE0ED92192C34C500FA1B13 /* UIKit.framework in Frameworks */,
				BAE0ED91192C34C500FA1B13 /* Foundation.framework in Frameworks */,
			);
			runOnlyForDeploymentPostprocessing = 0;
		};
/* End PBXFrameworksBuildPhase section */

/* Begin PBXGroup section */
		BAA64215192E9000004D4AFF /* Planet Images */ = {
			isa = PBXGroup;
			children = (
				BAA64201192E8FF4004D4AFF /* Earth.jpg */,
				BAA64202192E8FF4004D4AFF /* EinsteinRing.jpg */,
				BAA64203192E8FF4004D4AFF /* Jupiter.jpg */,
				BAA64204192E8FF4004D4AFF /* Mars.jpg */,
				BAA64205192E8FF4004D4AFF /* Mercury.jpg */,
				BAA64206192E8FF4004D4AFF /* Neptune.jpg */,
				BAA64207192E8FF4004D4AFF /* Orion.jpg */,
				BAA64208192E8FF4004D4AFF /* Saturn.jpg */,
				BAA64209192E8FF4004D4AFF /* Uranus.jpg */,
				BAA6420A192E8FF4004D4AFF /* Venus.jpg */,
			);
			name = "Planet Images";
			sourceTree = "<group>";
		};
		BAE0ED64192C34C500FA1B13 = {
			isa = PBXGroup;
			children = (
				BAE0ED76192C34C500FA1B13 /* Out of this World */,
				BAE0ED95192C34C500FA1B13 /* Out of this WorldTests */,
				BAE0ED6F192C34C500FA1B13 /* Frameworks */,
				BAE0ED6E192C34C500FA1B13 /* Products */,
			);
			sourceTree = "<group>";
		};
		BAE0ED6E192C34C500FA1B13 /* Products */ = {
			isa = PBXGroup;
			children = (
				BAE0ED6D192C34C500FA1B13 /* Out of this World.app */,
				BAE0ED8E192C34C500FA1B13 /* Out of this WorldTests.xctest */,
			);
			name = Products;
			sourceTree = "<group>";
		};
		BAE0ED6F192C34C500FA1B13 /* Frameworks */ = {
			isa = PBXGroup;
			children = (
				BAE0ED70192C34C500FA1B13 /* Foundation.framework */,
				BAE0ED72192C34C500FA1B13 /* CoreGraphics.framework */,
				BAE0ED74192C34C500FA1B13 /* UIKit.framework */,
				BAE0ED8F192C34C500FA1B13 /* XCTest.framework */,
			);
			name = Frameworks;
			sourceTree = "<group>";
		};
		BAE0ED76192C34C500FA1B13 /* Out of this World */ = {
			isa = PBXGroup;
			children = (
				BAE0ED7F192C34C500FA1B13 /* ADAppDelegate.h */,
				BAE0ED80192C34C500FA1B13 /* ADAppDelegate.m */,
				BAE0ED82192C34C500FA1B13 /* Main.storyboard */,
				BACA5F5819ED64480011C97E /* ADAddSpaceObjectViewController.h */,
				BACA5F5919ED64480011C97E /* ADAddSpaceObjectViewController.m */,
				BA2AF76419DF9FB10086CD0F /* ADSpaceDataViewController.h */,
				BA2AF76519DF9FB10086CD0F /* ADSpaceDataViewController.m */,
				BA179C551931AF1400BEAB9D /* ADSpaceImageViewController.h */,
				BA179C561931AF1400BEAB9D /* ADSpaceImageViewController.m */,
				BAE0EDA5192C359100FA1B13 /* ADTableViewController.h */,
				BAE0EDA6192C359100FA1B13 /* ADTableViewController.m */,
				BAA64216192E9049004D4AFF /* ADSpaceObject.h */,
				BAA64217192E9049004D4AFF /* ADSpaceObject.m */,
				BAE0ED88192C34C500FA1B13 /* Images.xcassets */,
				BAE0ED77192C34C500FA1B13 /* Supporting Files */,
			);
			path = "Out of this World";
			sourceTree = "<group>";
		};
		BAE0ED77192C34C500FA1B13 /* Supporting Files */ = {
			isa = PBXGroup;
			children = (
				BAA64215192E9000004D4AFF /* Planet Images */,
				BAE0EDA8192C3F4000FA1B13 /* AstronomicalData.h */,
				BAE0EDA9192C3F4000FA1B13 /* AstronomicalData.m */,
				BAE0ED78192C34C500FA1B13 /* Out of this World-Info.plist */,
				BAE0ED79192C34C500FA1B13 /* InfoPlist.strings */,
				BAE0ED7C192C34C500FA1B13 /* main.m */,
				BAE0ED7E192C34C500FA1B13 /* Out of this World-Prefix.pch */,
			);
			name = "Supporting Files";
			sourceTree = "<group>";
		};
		BAE0ED95192C34C500FA1B13 /* Out of this WorldTests */ = {
			isa = PBXGroup;
			children = (
				BAE0ED9B192C34C500FA1B13 /* Out_of_this_WorldTests.m */,
				BAE0ED96192C34C500FA1B13 /* Supporting Files */,
			);
			path = "Out of this WorldTests";
			sourceTree = "<group>";
		};
		BAE0ED96192C34C500FA1B13 /* Supporting Files */ = {
			isa = PBXGroup;
			children = (
				BAE0ED97192C34C500FA1B13 /* Out of this WorldTests-Info.plist */,
				BAE0ED98192C34C500FA1B13 /* InfoPlist.strings */,
			);
			name = "Supporting Files";
			sourceTree = "<group>";
		};
/* End PBXGroup section */

/* Begin PBXNativeTarget section */
		BAE0ED6C192C34C500FA1B13 /* Out of this World */ = {
			isa = PBXNativeTarget;
			buildConfigurationList = BAE0ED9F192C34C500FA1B13 /* Build configuration list for PBXNativeTarget "Out of this World" */;
			buildPhases = (
				BAE0ED69192C34C500FA1B13 /* Sources */,
				BAE0ED6A192C34C500FA1B13 /* Frameworks */,
				BAE0ED6B192C34C500FA1B13 /* Resources */,
			);
			buildRules = (
			);
			dependencies = (
			);
			name = "Out of this World";
			productName = "Out of this World";
			productReference = BAE0ED6D192C34C500FA1B13 /* Out of this World.app */;
			productType = "com.apple.product-type.application";
		};
		BAE0ED8D192C34C500FA1B13 /* Out of this WorldTests */ = {
			isa = PBXNativeTarget;
			buildConfigurationList = BAE0EDA2192C34C500FA1B13 /* Build configuration list for PBXNativeTarget "Out of this WorldTests" */;
			buildPhases = (
				BAE0ED8A192C34C500FA1B13 /* Sources */,
				BAE0ED8B192C34C500FA1B13 /* Frameworks */,
				BAE0ED8C192C34C500FA1B13 /* Resources */,
			);
			buildRules = (
			);
			dependencies = (
				BAE0ED94192C34C500FA1B13 /* PBXTargetDependency */,
			);
			name = "Out of this WorldTests";
			productName = "Out of this WorldTests";
			productReference = BAE0ED8E192C34C500FA1B13 /* Out of this WorldTests.xctest */;
			productType = "com.apple.product-type.bundle.unit-test";
		};
/* End PBXNativeTarget section */

/* Begin PBXProject section */
		BAE0ED65192C34C500FA1B13 /* Project object */ = {
			isa = PBXProject;
			attributes = {
				CLASSPREFIX = AD;
				LastUpgradeCheck = 0510;
				ORGANIZATIONNAME = Dodd.mx;
				TargetAttributes = {
					BAE0ED8D192C34C500FA1B13 = {
						TestTargetID = BAE0ED6C192C34C500FA1B13;
					};
				};
			};
			buildConfigurationList = BAE0ED68192C34C500FA1B13 /* Build configuration list for PBXProject "Out of this World" */;
			compatibilityVersion = "Xcode 3.2";
			developmentRegion = English;
			hasScannedForEncodings = 0;
			knownRegions = (
				en,
				Base,
			);
			mainGroup = BAE0ED64192C34C500FA1B13;
			productRefGroup = BAE0ED6E192C34C500FA1B13 /* Products */;
			projectDirPath = "";
			projectRoot = "";
			targets = (
				BAE0ED6C192C34C500FA1B13 /* Out of this World */,
				BAE0ED8D192C34C500FA1B13 /* Out of this WorldTests */,
			);
		};
/* End PBXProject section */

/* Begin PBXResourcesBuildPhase section */
		BAE0ED6B192C34C500FA1B13 /* Resources */ = {
			isa = PBXResourcesBuildPhase;
			buildActionMask = 2147483647;
			files = (
				BAA6420B192E8FF4004D4AFF /* Earth.jpg in Resources */,
				BAA64214192E8FF4004D4AFF /* Venus.jpg in Resources */,
				BAA6420F192E8FF4004D4AFF /* Mercury.jpg in Resources */,
				BAA64212192E8FF4004D4AFF /* Saturn.jpg in Resources */,
				BAA64213192E8FF4004D4AFF /* Uranus.jpg in Resources */,
				BAE0ED89192C34C500FA1B13 /* Images.xcassets in Resources */,
				BAA64210192E8FF4004D4AFF /* Neptune.jpg in Resources */,
				BAA6420E192E8FF4004D4AFF /* Mars.jpg in Resources */,
				BAE0ED7B192C34C500FA1B13 /* InfoPlist.strings in Resources */,
				BAE0ED84192C34C500FA1B13 /* Main.storyboard in Resources */,
				BAA6420C192E8FF4004D4AFF /* EinsteinRing.jpg in Resources */,
				BAA6420D192E8FF4004D4AFF /* Jupiter.jpg in Resources */,
				BAA64211192E8FF4004D4AFF /* Orion.jpg in Resources */,
			);
			runOnlyForDeploymentPostprocessing = 0;
		};
		BAE0ED8C192C34C500FA1B13 /* Resources */ = {
			isa = PBXResourcesBuildPhase;
			buildActionMask = 2147483647;
			files = (
				BAE0ED9A192C34C500FA1B13 /* InfoPlist.strings in Resources */,
			);
			runOnlyForDeploymentPostprocessing = 0;
		};
/* End PBXResourcesBuildPhase section */

/* Begin PBXSourcesBuildPhase section */
		BAE0ED69192C34C500FA1B13 /* Sources */ = {
			isa = PBXSourcesBuildPhase;
			buildActionMask = 2147483647;
			files = (
				BAE0ED7D192C34C500FA1B13 /* main.m in Sources */,
				BAE0EDA7192C359100FA1B13 /* ADTableViewController.m in Sources */,
				BAE0ED81192C34C500FA1B13 /* ADAppDelegate.m in Sources */,
				BAE0EDAA192C3F4000FA1B13 /* AstronomicalData.m in Sources */,
				BA179C571931AF1400BEAB9D /* ADSpaceImageViewController.m in Sources */,
				BA2AF76619DF9FB10086CD0F /* ADSpaceDataViewController.m in Sources */,
				BACA5F5A19ED64480011C97E /* ADAddSpaceObjectViewController.m in Sources */,
				BAA64218192E9049004D4AFF /* ADSpaceObject.m in Sources */,
			);
			runOnlyForDeploymentPostprocessing = 0;
		};
		BAE0ED8A192C34C500FA1B13 /* Sources */ = {
			isa = PBXSourcesBuildPhase;
			buildActionMask = 2147483647;
			files = (
				BAE0ED9C192C34C500FA1B13 /* Out_of_this_WorldTests.m in Sources */,
			);
			runOnlyForDeploymentPostprocessing = 0;
		};
/* End PBXSourcesBuildPhase section */

/* Begin PBXTargetDependency section */
		BAE0ED94192C34C500FA1B13 /* PBXTargetDependency */ = {
			isa = PBXTargetDependency;
			target = BAE0ED6C192C34C500FA1B13 /* Out of this World */;
			targetProxy = BAE0ED93192C34C500FA1B13 /* PBXContainerItemProxy */;
		};
/* End PBXTargetDependency section */

/* Begin PBXVariantGroup section */
		BAE0ED79192C34C500FA1B13 /* InfoPlist.strings */ = {
			isa = PBXVariantGroup;
			children = (
				BAE0ED7A192C34C500FA1B13 /* en */,
			);
			name = InfoPlist.strings;
			sourceTree = "<group>";
		};
		BAE0ED82192C34C500FA1B13 /* Main.storyboard */ = {
			isa = PBXVariantGroup;
			children = (
				BAE0ED83192C34C500FA1B13 /* Base */,
			);
			name = Main.storyboard;
			sourceTree = "<group>";
		};
		BAE0ED98192C34C500FA1B13 /* InfoPlist.strings */ = {
			isa = PBXVariantGroup;
			children = (
				BAE0ED99192C34C500FA1B13 /* en */,
			);
			name = InfoPlist.strings;
			sourceTree = "<group>";
		};
/* End PBXVariantGroup section */

/* Begin XCBuildConfiguration section */
		BAE0ED9D192C34C500FA1B13 /* Debug */ = {
			isa = XCBuildConfiguration;
			buildSettings = {
				ALWAYS_SEARCH_USER_PATHS = NO;
				CLANG_CXX_LANGUAGE_STANDARD = "gnu++0x";
				CLANG_CXX_LIBRARY = "libc++";
				CLANG_ENABLE_MODULES = YES;
				CLANG_ENABLE_OBJC_ARC = YES;
				CLANG_WARN_BOOL_CONVERSION = YES;
				CLANG_WARN_CONSTANT_CONVERSION = YES;
				CLANG_WARN_DIRECT_OBJC_ISA_USAGE = YES_ERROR;
				CLANG_WARN_EMPTY_BODY = YES;
				CLANG_WARN_ENUM_CONVERSION = YES;
				CLANG_WARN_INT_CONVERSION = YES;
				CLANG_WARN_OBJC_ROOT_CLASS = YES_ERROR;
				CLANG_WARN__DUPLICATE_METHOD_MATCH = YES;
				"CODE_SIGN_IDENTITY[sdk=iphoneos*]" = "iPhone Developer";
				COPY_PHASE_STRIP = NO;
				GCC_C_LANGUAGE_STANDARD = gnu99;
				GCC_DYNAMIC_NO_PIC = NO;
				GCC_OPTIMIZATION_LEVEL = 0;
				GCC_PREPROCESSOR_DEFINITIONS = (
					"DEBUG=1",
					"$(inherited)",
				);
				GCC_SYMBOLS_PRIVATE_EXTERN = NO;
				GCC_WARN_64_TO_32_BIT_CONVERSION = YES;
				GCC_WARN_ABOUT_RETURN_TYPE = YES_ERROR;
				GCC_WARN_UNDECLARED_SELECTOR = YES;
				GCC_WARN_UNINITIALIZED_AUTOS = YES_AGGRESSIVE;
				GCC_WARN_UNUSED_FUNCTION = YES;
				GCC_WARN_UNUSED_VARIABLE = YES;
				IPHONEOS_DEPLOYMENT_TARGET = 7.1;
				ONLY_ACTIVE_ARCH = YES;
				SDKROOT = iphoneos;
			};
			name = Debug;
		};
		BAE0ED9E192C34C500FA1B13 /* Release */ = {
			isa = XCBuildConfiguration;
			buildSettings = {
				ALWAYS_SEARCH_USER_PATHS = NO;
				CLANG_CXX_LANGUAGE_STANDARD = "gnu++0x";
				CLANG_CXX_LIBRARY = "libc++";
				CLANG_ENABLE_MODULES = YES;
				CLANG_ENABLE_OBJC_ARC = YES;
				CLANG_WARN_BOOL_CONVERSION = YES;
				CLANG_WARN_CONSTANT_CONVERSION = YES;
				CLANG_WARN_DIRECT_OBJC_ISA_USAGE = YES_ERROR;
				CLANG_WARN_EMPTY_BODY = YES;
				CLANG_WARN_ENUM_CONVERSION = YES;
				CLANG_WARN_INT_CONVERSION = YES;
				CLANG_WARN_OBJC_ROOT_CLASS = YES_ERROR;
				CLANG_WARN__DUPLICATE_METHOD_MATCH = YES;
				"CODE_SIGN_IDENTITY[sdk=iphoneos*]" = "iPhone Developer";
				COPY_PHASE_STRIP = YES;
				ENABLE_NS_ASSERTIONS = NO;
				GCC_C_LANGUAGE_STANDARD = gnu99;
				GCC_WARN_64_TO_32_BIT_CONVERSION = YES;
				GCC_WARN_ABOUT_RETURN_TYPE = YES_ERROR;
				GCC_WARN_UNDECLARED_SELECTOR = YES;
				GCC_WARN_UNINITIALIZED_AUTOS = YES_AGGRESSIVE;
				GCC_WARN_UNUSED_FUNCTION = YES;
				GCC_WARN_UNUSED_VARIABLE = YES;
				IPHONEOS_DEPLOYMENT_TARGET = 7.1;
				SDKROOT = iphoneos;
				VALIDATE_PRODUCT = YES;
			};
			name = Release;
		};
		BAE0EDA0192C34C500FA1B13 /* Debug */ = {
			isa = XCBuildConfiguration;
			buildSettings = {
				ASSETCATALOG_COMPILER_APPICON_NAME = AppIcon;
				ASSETCATALOG_COMPILER_LAUNCHIMAGE_NAME = LaunchImage;
				GCC_PRECOMPILE_PREFIX_HEADER = YES;
				GCC_PREFIX_HEADER = "Out of this World/Out of this World-Prefix.pch";
				INFOPLIST_FILE = "Out of this World/Out of this World-Info.plist";
				PRODUCT_NAME = "$(TARGET_NAME)";
				WRAPPER_EXTENSION = app;
			};
			name = Debug;
		};
		BAE0EDA1192C34C500FA1B13 /* Release */ = {
			isa = XCBuildConfiguration;
			buildSettings = {
				ASSETCATALOG_COMPILER_APPICON_NAME = AppIcon;
				ASSETCATALOG_COMPILER_LAUNCHIMAGE_NAME = LaunchImage;
				GCC_PRECOMPILE_PREFIX_HEADER = YES;
				GCC_PREFIX_HEADER = "Out of this World/Out of this World-Prefix.pch";
				INFOPLIST_FILE = "Out of this World/Out of this World-Info.plist";
				PRODUCT_NAME = "$(TARGET_NAME)";
				WRAPPER_EXTENSION = app;
			};
			name = Release;
		};
		BAE0EDA3192C34C500FA1B13 /* Debug */ = {
			isa = XCBuildConfiguration;
			buildSettings = {
				BUNDLE_LOADER = "$(BUILT_PRODUCTS_DIR)/Out of this World.app/Out of this World";
				FRAMEWORK_SEARCH_PATHS = (
					"$(SDKROOT)/Developer/Library/Frameworks",
					"$(inherited)",
					"$(DEVELOPER_FRAMEWORKS_DIR)",
				);
				GCC_PRECOMPILE_PREFIX_HEADER = YES;
				GCC_PREFIX_HEADER = "Out of this World/Out of this World-Prefix.pch";
				GCC_PREPROCESSOR_DEFINITIONS = (
					"DEBUG=1",
					"$(inherited)",
				);
				INFOPLIST_FILE = "Out of this WorldTests/Out of this WorldTests-Info.plist";
				PRODUCT_NAME = "$(TARGET_NAME)";
				TEST_HOST = "$(BUNDLE_LOADER)";
				WRAPPER_EXTENSION = xctest;
			};
			name = Debug;
		};
		BAE0EDA4192C34C500FA1B13 /* Release */ = {
			isa = XCBuildConfiguration;
			buildSettings = {
				BUNDLE_LOADER = "$(BUILT_PRODUCTS_DIR)/Out of this World.app/Out of this World";
				FRAMEWORK_SEARCH_PATHS = (
					"$(SDKROOT)/Developer/Library/Frameworks",
					"$(inherited)",
					"$(DEVELOPER_FRAMEWORKS_DIR)",
				);
				GCC_PRECOMPILE_PREFIX_HEADER = YES;
				GCC_PREFIX_HEADER = "Out of this World/Out of this World-Prefix.pch";
				INFOPLIST_FILE = "Out of this WorldTests/Out of this WorldTests-Info.plist";
				PRODUCT_NAME = "$(TARGET_NAME)";
				TEST_HOST = "$(BUNDLE_LOADER)";
				WRAPPER_EXTENSION = xctest;
			};
			name = Release;
		};
/* End XCBuildConfiguration section */

/* Begin XCConfigurationList section */
		BAE0ED68192C34C500FA1B13 /* Build configuration list for PBXProject "Out of this World" */ = {
			isa = XCConfigurationList;
			buildConfigurations = (
				BAE0ED9D192C34C500FA1B13 /* Debug */,
				BAE0ED9E192C34C500FA1B13 /* Release */,
			);
			defaultConfigurationIsVisible = 0;
			defaultConfigurationName = Release;
		};
		BAE0ED9F192C34C500FA1B13 /* Build configuration list for PBXNativeTarget "Out of this World" */ = {
			isa = XCConfigurationList;
			buildConfigurations = (
				BAE0EDA0192C34C500FA1B13 /* Debug */,
				BAE0EDA1192C34C500FA1B13 /* Release */,
			);
			defaultConfigurationIsVisible = 0;
			defaultConfigurationName = Release;
		};
		BAE0EDA2192C34C500FA1B13 /* Build configuration list for PBXNativeTarget "Out of this WorldTests" */ = {
			isa = XCConfigurationList;
			buildConfigurations = (
				BAE0EDA3192C34C500FA1B13 /* Debug */,
				BAE0EDA4192C34C500FA1B13 /* Release */,
			);
			defaultConfigurationIsVisible = 0;
			defaultConfigurationName = Release;
		};
/* End XCConfigurationList section */
	};
	rootObject = BAE0ED65192C34C500FA1B13 /* Project object */;
}
